
Microsoft Visual Studio Solution File, Format Version 12.00
# Visual Studio Version 17
VisualStudioVersion = 17.4.33122.133
MinimumVisualStudioVersion = 10.0.40219.1
Project("{FAE04EC0-301F-11D3-BF4B-00C04F79EFBC}") = "DiceRoller", "DiceRoller\DiceRoller.csproj", "{40219C37-0F4D-4BD1-9CCE-2CFC8A4D3BB7}"
EndProject
Global
	GlobalSection(SolutionConfigurationPlatforms) = preSolution
		Debug|Any CPU = Debug|Any CPU
		Release|Any CPU = Release|Any CPU
	EndGlobalSection
	GlobalSection(ProjectConfigurationPlatforms) = postSolution
		{40219C37-0F4D-4BD1-9CCE-2CFC8A4D3BB7}.Debug|Any CPU.ActiveCfg = Debug|Any CPU
		{40219C37-0F4D-4BD1-9CCE-2CFC8A4D3BB7}.Debug|Any CPU.Build.0 = Debug|Any CPU
		{40219C37-0F4D-4BD1-9CCE-2CFC8A4D3BB7}.Release|Any CPU.ActiveCfg = Release|Any CPU
		{40219C37-0F4D-4BD1-9CCE-2CFC8A4D3BB7}.Release|Any CPU.Build.0 = Release|Any CPU
	EndGlobalSection
	GlobalSection(SolutionProperties) = preSolution
		HideSolutionNode = FALSE
	EndGlobalSection
	GlobalSection(ExtensibilityGlobals) = postSolution
		SolutionGuid = {89475D0D-9F63-45A0-9782-61194818F978}
	EndGlobalSection
EndGlobal
